
Microsoft Visual Studio Solution File, Format Version 12.00
# Visual Studio Version 17
VisualStudioVersion = 17.7.34024.191
MinimumVisualStudioVersion = 10.0.40219.1
Project("{FAE04EC0-301F-11D3-BF4B-00C04F79EFBC}") = "games_c", "games_c\games_c.csproj", "{06A84AD6-31B3-4256-BF2F-4419743EEFC9}"
EndProject
Global
	GlobalSection(SolutionConfigurationPlatforms) = preSolution
		Debug|Any CPU = Debug|Any CPU
		Release|Any CPU = Release|Any CPU
	EndGlobalSection
	GlobalSection(ProjectConfigurationPlatforms) = postSolution
		{06A84AD6-31B3-4256-BF2F-4419743EEFC9}.Debug|Any CPU.ActiveCfg = Debug|Any CPU
		{06A84AD6-31B3-4256-BF2F-4419743EEFC9}.Debug|Any CPU.Build.0 = Debug|Any CPU
		{06A84AD6-31B3-4256-BF2F-4419743EEFC9}.Release|Any CPU.ActiveCfg = Release|Any CPU
		{06A84AD6-31B3-4256-BF2F-4419743EEFC9}.Release|Any CPU.Build.0 = Release|Any CPU
	EndGlobalSection
	GlobalSection(SolutionProperties) = preSolution
		HideSolutionNode = FALSE
	EndGlobalSection
	GlobalSection(ExtensibilityGlobals) = postSolution
		SolutionGuid = {278F14F1-25CF-4B0F-BA22-1E1F97998DBF}
	EndGlobalSection
EndGlobal
